
Microsoft Visual Studio Solution File, Format Version 12.00
# Visual Studio Express 2012 for Windows Desktop
Project("{FAE04EC0-301F-11D3-BF4B-00C04F79EFBC}") = "TPT", "Trackpad Panel Tester\TPT.csproj", "{D2C8CC6D-0323-448D-9728-8F4A5799E99C}"
EndProject
Global
	GlobalSection(SolutionConfigurationPlatforms) = preSolution
		Debug|Any CPU = Debug|Any CPU
		Release|Any CPU = Release|Any CPU
	EndGlobalSection
	GlobalSection(ProjectConfigurationPlatforms) = postSolution
		{D2C8CC6D-0323-448D-9728-8F4A5799E99C}.Debug|Any CPU.ActiveCfg = Debug|Any CPU
		{D2C8CC6D-0323-448D-9728-8F4A5799E99C}.Debug|Any CPU.Build.0 = Debug|Any CPU
		{D2C8CC6D-0323-448D-9728-8F4A5799E99C}.Release|Any CPU.ActiveCfg = Release|Any CPU
		{D2C8CC6D-0323-448D-9728-8F4A5799E99C}.Release|Any CPU.Build.0 = Release|Any CPU
	EndGlobalSection
	GlobalSection(SolutionProperties) = preSolution
		HideSolutionNode = FALSE
	EndGlobalSection
	GlobalSection(SubversionScc) = preSolution
		Svn-Managed = True
		Manager = AnkhSVN - Subversion Support for Visual Studio
	EndGlobalSection
EndGlobal
